
Microsoft Visual Studio Solution File, Format Version 12.00
Project("{FAE04EC0-301F-11D3-BF4B-00C04F79EFBC}") = "Remora.Resonite.Sdk", "Remora.Resonite.Sdk\Remora.Resonite.Sdk.msbuildproj", "{A0E6A673-9B62-49EE-806B-D2B386F89403}"
EndProject
Project("{2150E333-8FDC-42A3-9474-1A3956D46DE8}") = "Tests", "Tests", "{065750DA-54B9-4A52-BCBF-4CE7B8D22C7C}"
	ProjectSection(SolutionItems) = preProject
		Tests\Directory.Build.props = Tests\Directory.Build.props
	EndProjectSection
EndProject
Project("{FAE04EC0-301F-11D3-BF4B-00C04F79EFBC}") = "ResonitePluginWithPackageDependency", "Tests\ResonitePluginWithPackageDependency\ResonitePluginWithPackageDependency.csproj", "{7BB751AC-4851-442B-9693-F7C6E68185A4}"
EndProject
Project("{FAE04EC0-301F-11D3-BF4B-00C04F79EFBC}") = "ResoniteModWithPackageDependency", "Tests\ResoniteModWithPackageDependency\ResoniteModWithPackageDependency.csproj", "{F4FE81B4-9DC4-440C-A343-CC6BE71C4B75}"
EndProject
Project("{FAE04EC0-301F-11D3-BF4B-00C04F79EFBC}") = "ResoniteHeadlessMod", "Tests\ResoniteHeadlessMod\ResoniteHeadlessMod.csproj", "{663CED01-285E-4554-B6D7-5C3B06EA0C00}"
EndProject
Project("{FAE04EC0-301F-11D3-BF4B-00C04F79EFBC}") = "DualSdkProject", "Tests\DualSdkProject\DualSdkProject.csproj", "{9F927878-5FAF-4761-9D6B-D77795D29B8B}"
EndProject
Project("{FAE04EC0-301F-11D3-BF4B-00C04F79EFBC}") = "ResoniteHeadlessPlugin", "Tests\ResoniteHeadlessPlugin\ResoniteHeadlessPlugin.csproj", "{389BFD41-7D5C-4B05-84B3-4A8781F9CC52}"
EndProject
Project("{2150E333-8FDC-42A3-9474-1A3956D46DE8}") = "metadata", "metadata", "{B4CB3E4F-5F29-440D-AC41-0DBF64D00717}"
	ProjectSection(SolutionItems) = preProject
		README.md = README.md
		Directory.Build.props = Directory.Build.props
		Directory.Build.targets = Directory.Build.targets
		.github\workflows\dotnet.yml = .github\workflows\dotnet.yml
	EndProjectSection
EndProject
Project("{FAE04EC0-301F-11D3-BF4B-00C04F79EFBC}") = "Library", "Tests\Library\Library.csproj", "{11FFC3A1-F466-4832-A881-E0D0DD3FA018}"
EndProject
Project("{FAE04EC0-301F-11D3-BF4B-00C04F79EFBC}") = "ResoniteModWithProjectDependency", "Tests\ResoniteModWithProjectDependency\ResoniteModWithProjectDependency.csproj", "{F5D5CA7B-959B-4363-B8DD-C00EDE124CF6}"
EndProject
Project("{FAE04EC0-301F-11D3-BF4B-00C04F79EFBC}") = "ResonitePluginWithProjectDependency", "Tests\ResonitePluginWithProjectDependency\ResonitePluginWithProjectDependency.csproj", "{18A8EEFA-F26C-4C60-A268-2E948D3A9E33}"
EndProject
Project("{FAE04EC0-301F-11D3-BF4B-00C04F79EFBC}") = "ResoniteMod", "Tests\ResoniteMod\ResoniteMod.csproj", "{16B13284-FBE3-430E-AF30-F7CBCB6FC660}"
EndProject
Project("{FAE04EC0-301F-11D3-BF4B-00C04F79EFBC}") = "ResonitePlugin", "Tests\ResonitePlugin\ResonitePlugin.csproj", "{30F32DD9-2D8F-41AE-B8A2-80E415312EE8}"
EndProject
Project("{FAE04EC0-301F-11D3-BF4B-00C04F79EFBC}") = "ResoniteHeadlessPluginWithPackageDependency", "Tests\ResoniteHeadlessPluginWithPackageDependency\ResoniteHeadlessPluginWithPackageDependency.csproj", "{28E51328-6C9C-407F-A8CD-99EB9E766600}"
EndProject
Project("{FAE04EC0-301F-11D3-BF4B-00C04F79EFBC}") = "ResoniteHeadlessPluginWithProjectDependency", "Tests\ResoniteHeadlessPluginWithProjectDependency\ResoniteHeadlessPluginWithProjectDependency.csproj", "{C067BBFD-69B3-443B-AC52-1CF67EA0A3BA}"
EndProject
Project("{FAE04EC0-301F-11D3-BF4B-00C04F79EFBC}") = "ResoniteHeadlessModWithPackageDependency", "Tests\ResoniteHeadlessModWithPackageDependency\ResoniteHeadlessModWithPackageDependency.csproj", "{11AB46F8-45AF-499E-A1B1-D3514E58AC87}"
EndProject
Project("{FAE04EC0-301F-11D3-BF4B-00C04F79EFBC}") = "ResoniteHeadlessModWithProjectDependency", "Tests\ResoniteHeadlessModWithProjectDependency\ResoniteHeadlessModWithProjectDependency.csproj", "{AD98F517-DC5E-47B2-9514-4F45DC2381F4}"
EndProject
Project("{FAE04EC0-301F-11D3-BF4B-00C04F79EFBC}") = "ResoniteExecutable", "Tests\ResoniteExecutable\ResoniteExecutable.csproj", "{AB266DB8-3356-467E-B491-C89545D81FBD}"
EndProject
Project("{FAE04EC0-301F-11D3-BF4B-00C04F79EFBC}") = "ResoniteHeadlessModWithResoniteReference", "Tests\ResoniteHeadlessModWithResoniteReference\ResoniteHeadlessModWithResoniteReference.csproj", "{C414182B-3BD2-48E5-8841-7C390E73D14B}"
EndProject
Project("{FAE04EC0-301F-11D3-BF4B-00C04F79EFBC}") = "ResoniteHeadlessPluginWithResoniteReference", "Tests\ResoniteHeadlessPluginWithResoniteReference\ResoniteHeadlessPluginWithResoniteReference.csproj", "{498C4609-6AD7-4638-B639-132B13B76254}"
EndProject
Project("{FAE04EC0-301F-11D3-BF4B-00C04F79EFBC}") = "ResoniteModWithResoniteReference", "Tests\ResoniteModWithResoniteReference\ResoniteModWithResoniteReference.csproj", "{E7EBBAE1-E8AF-461B-B640-351B2294070B}"
EndProject
Project("{FAE04EC0-301F-11D3-BF4B-00C04F79EFBC}") = "ResonitePluginWithResoniteReference", "Tests\ResonitePluginWithResoniteReference\ResonitePluginWithResoniteReference.csproj", "{DED4E354-7877-43B3-87E6-38099656D091}"
EndProject
Project("{FAE04EC0-301F-11D3-BF4B-00C04F79EFBC}") = "ResoniteExecutableWithResoniteReference", "Tests\ResoniteExecutableWithResoniteReference\ResoniteExecutableWithResoniteReference.csproj", "{24D6985B-7DCA-4AE3-89F6-D7D35AD7B0A1}"
EndProject
Project("{FAE04EC0-301F-11D3-BF4B-00C04F79EFBC}") = "ModernResoniteExecutableWithResoniteReference", "Tests\ModernResoniteExecutableWithResoniteReference\ModernResoniteExecutableWithResoniteReference.csproj", "{6BEB1068-80CF-4CA1-AF55-D492E87B75D9}"
EndProject
Project("{FAE04EC0-301F-11D3-BF4B-00C04F79EFBC}") = "ModernResoniteExecutable", "Tests\ModernResoniteExecutable\ModernResoniteExecutable.csproj", "{DC1585ED-597D-458F-AAB9-BA3E1520DC36}"
EndProject
Project("{FAE04EC0-301F-11D3-BF4B-00C04F79EFBC}") = "ResoniteLibrary", "Tests\ResoniteLibrary\ResoniteLibrary.csproj", "{D56CD9CD-AB27-4C0F-8106-09AF396B710A}"
EndProject
Project("{FAE04EC0-301F-11D3-BF4B-00C04F79EFBC}") = "ResoniteHeadlessLibrary", "Tests\ResoniteHeadlessLibrary\ResoniteHeadlessLibrary.csproj", "{53A39BD3-9D47-4896-8392-A92EB8B767FF}"
EndProject
Project("{FAE04EC0-301F-11D3-BF4B-00C04F79EFBC}") = "ResoniteHeadlessLibraryWithResoniteReference", "Tests\ResoniteHeadlessLibraryWithResoniteReference\ResoniteHeadlessLibraryWithResoniteReference.csproj", "{A74BD9A5-830B-4F76-9D39-603CD1F37569}"
EndProject
Project("{FAE04EC0-301F-11D3-BF4B-00C04F79EFBC}") = "ResoniteHeadlessLibraryWithPackageReference", "Tests\ResoniteHeadlessLibraryWithPackageReference\ResoniteHeadlessLibraryWithPackageReference.csproj", "{81AB8EEB-9362-49DC-9663-60066555A8FD}"
EndProject
Project("{FAE04EC0-301F-11D3-BF4B-00C04F79EFBC}") = "ResoniteHeadlessLibraryWithProjectReference", "Tests\ResoniteHeadlessLibraryWithProjectReference\ResoniteHeadlessLibraryWithProjectReference.csproj", "{4864C3FE-6E74-4482-B572-5E530D795FC1}"
EndProject
Project("{FAE04EC0-301F-11D3-BF4B-00C04F79EFBC}") = "ResoniteLibraryWithResoniteReference", "Tests\ResoniteLibraryWithResoniteReference\ResoniteLibraryWithResoniteReference.csproj", "{8A844B77-D90F-470B-8BAB-ECBB57240AE0}"
EndProject
Project("{FAE04EC0-301F-11D3-BF4B-00C04F79EFBC}") = "ResoniteLibraryWithPackageReference", "Tests\ResoniteLibraryWithPackageReference\ResoniteLibraryWithPackageReference.csproj", "{0515B87E-FC26-40ED-86B7-5128A9D34CC0}"
EndProject
Project("{FAE04EC0-301F-11D3-BF4B-00C04F79EFBC}") = "ResoniteLibraryWithProjectReference", "Tests\ResoniteLibraryWithProjectReference\ResoniteLibraryWithProjectReference.csproj", "{53BBAFCB-40D0-4FE1-836C-2BACBF8AE3D1}"
EndProject
Global
	GlobalSection(SolutionConfigurationPlatforms) = preSolution
		Debug|Any CPU = Debug|Any CPU
		Release|Any CPU = Release|Any CPU
	EndGlobalSection
	GlobalSection(ProjectConfigurationPlatforms) = postSolution
		{A0E6A673-9B62-49EE-806B-D2B386F89403}.Debug|Any CPU.ActiveCfg = Debug|Any CPU
		{A0E6A673-9B62-49EE-806B-D2B386F89403}.Debug|Any CPU.Build.0 = Debug|Any CPU
		{A0E6A673-9B62-49EE-806B-D2B386F89403}.Release|Any CPU.ActiveCfg = Release|Any CPU
		{A0E6A673-9B62-49EE-806B-D2B386F89403}.Release|Any CPU.Build.0 = Release|Any CPU
		{7BB751AC-4851-442B-9693-F7C6E68185A4}.Debug|Any CPU.ActiveCfg = Debug|Any CPU
		{7BB751AC-4851-442B-9693-F7C6E68185A4}.Debug|Any CPU.Build.0 = Debug|Any CPU
		{7BB751AC-4851-442B-9693-F7C6E68185A4}.Release|Any CPU.ActiveCfg = Release|Any CPU
		{7BB751AC-4851-442B-9693-F7C6E68185A4}.Release|Any CPU.Build.0 = Release|Any CPU
		{F4FE81B4-9DC4-440C-A343-CC6BE71C4B75}.Debug|Any CPU.ActiveCfg = Debug|Any CPU
		{F4FE81B4-9DC4-440C-A343-CC6BE71C4B75}.Debug|Any CPU.Build.0 = Debug|Any CPU
		{F4FE81B4-9DC4-440C-A343-CC6BE71C4B75}.Release|Any CPU.ActiveCfg = Release|Any CPU
		{F4FE81B4-9DC4-440C-A343-CC6BE71C4B75}.Release|Any CPU.Build.0 = Release|Any CPU
		{663CED01-285E-4554-B6D7-5C3B06EA0C00}.Debug|Any CPU.ActiveCfg = Debug|Any CPU
		{663CED01-285E-4554-B6D7-5C3B06EA0C00}.Debug|Any CPU.Build.0 = Debug|Any CPU
		{663CED01-285E-4554-B6D7-5C3B06EA0C00}.Release|Any CPU.ActiveCfg = Release|Any CPU
		{663CED01-285E-4554-B6D7-5C3B06EA0C00}.Release|Any CPU.Build.0 = Release|Any CPU
		{9F927878-5FAF-4761-9D6B-D77795D29B8B}.Debug|Any CPU.ActiveCfg = Debug|Any CPU
		{9F927878-5FAF-4761-9D6B-D77795D29B8B}.Debug|Any CPU.Build.0 = Debug|Any CPU
		{9F927878-5FAF-4761-9D6B-D77795D29B8B}.Release|Any CPU.ActiveCfg = Release|Any CPU
		{9F927878-5FAF-4761-9D6B-D77795D29B8B}.Release|Any CPU.Build.0 = Release|Any CPU
		{389BFD41-7D5C-4B05-84B3-4A8781F9CC52}.Debug|Any CPU.ActiveCfg = Debug|Any CPU
		{389BFD41-7D5C-4B05-84B3-4A8781F9CC52}.Debug|Any CPU.Build.0 = Debug|Any CPU
		{389BFD41-7D5C-4B05-84B3-4A8781F9CC52}.Release|Any CPU.ActiveCfg = Release|Any CPU
		{389BFD41-7D5C-4B05-84B3-4A8781F9CC52}.Release|Any CPU.Build.0 = Release|Any CPU
		{11FFC3A1-F466-4832-A881-E0D0DD3FA018}.Debug|Any CPU.ActiveCfg = Debug|Any CPU
		{11FFC3A1-F466-4832-A881-E0D0DD3FA018}.Debug|Any CPU.Build.0 = Debug|Any CPU
		{11FFC3A1-F466-4832-A881-E0D0DD3FA018}.Release|Any CPU.ActiveCfg = Release|Any CPU
		{11FFC3A1-F466-4832-A881-E0D0DD3FA018}.Release|Any CPU.Build.0 = Release|Any CPU
		{F5D5CA7B-959B-4363-B8DD-C00EDE124CF6}.Debug|Any CPU.ActiveCfg = Debug|Any CPU
		{F5D5CA7B-959B-4363-B8DD-C00EDE124CF6}.Debug|Any CPU.Build.0 = Debug|Any CPU
		{F5D5CA7B-959B-4363-B8DD-C00EDE124CF6}.Release|Any CPU.ActiveCfg = Release|Any CPU
		{F5D5CA7B-959B-4363-B8DD-C00EDE124CF6}.Release|Any CPU.Build.0 = Release|Any CPU
		{18A8EEFA-F26C-4C60-A268-2E948D3A9E33}.Debug|Any CPU.ActiveCfg = Debug|Any CPU
		{18A8EEFA-F26C-4C60-A268-2E948D3A9E33}.Debug|Any CPU.Build.0 = Debug|Any CPU
		{18A8EEFA-F26C-4C60-A268-2E948D3A9E33}.Release|Any CPU.ActiveCfg = Release|Any CPU
		{18A8EEFA-F26C-4C60-A268-2E948D3A9E33}.Release|Any CPU.Build.0 = Release|Any CPU
		{16B13284-FBE3-430E-AF30-F7CBCB6FC660}.Debug|Any CPU.ActiveCfg = Debug|Any CPU
		{16B13284-FBE3-430E-AF30-F7CBCB6FC660}.Debug|Any CPU.Build.0 = Debug|Any CPU
		{16B13284-FBE3-430E-AF30-F7CBCB6FC660}.Release|Any CPU.ActiveCfg = Release|Any CPU
		{16B13284-FBE3-430E-AF30-F7CBCB6FC660}.Release|Any CPU.Build.0 = Release|Any CPU
		{30F32DD9-2D8F-41AE-B8A2-80E415312EE8}.Debug|Any CPU.ActiveCfg = Debug|Any CPU
		{30F32DD9-2D8F-41AE-B8A2-80E415312EE8}.Debug|Any CPU.Build.0 = Debug|Any CPU
		{30F32DD9-2D8F-41AE-B8A2-80E415312EE8}.Release|Any CPU.ActiveCfg = Release|Any CPU
		{30F32DD9-2D8F-41AE-B8A2-80E415312EE8}.Release|Any CPU.Build.0 = Release|Any CPU
		{28E51328-6C9C-407F-A8CD-99EB9E766600}.Debug|Any CPU.ActiveCfg = Debug|Any CPU
		{28E51328-6C9C-407F-A8CD-99EB9E766600}.Debug|Any CPU.Build.0 = Debug|Any CPU
		{28E51328-6C9C-407F-A8CD-99EB9E766600}.Release|Any CPU.ActiveCfg = Release|Any CPU
		{28E51328-6C9C-407F-A8CD-99EB9E766600}.Release|Any CPU.Build.0 = Release|Any CPU
		{C067BBFD-69B3-443B-AC52-1CF67EA0A3BA}.Debug|Any CPU.ActiveCfg = Debug|Any CPU
		{C067BBFD-69B3-443B-AC52-1CF67EA0A3BA}.Debug|Any CPU.Build.0 = Debug|Any CPU
		{C067BBFD-69B3-443B-AC52-1CF67EA0A3BA}.Release|Any CPU.ActiveCfg = Release|Any CPU
		{C067BBFD-69B3-443B-AC52-1CF67EA0A3BA}.Release|Any CPU.Build.0 = Release|Any CPU
		{11AB46F8-45AF-499E-A1B1-D3514E58AC87}.Debug|Any CPU.ActiveCfg = Debug|Any CPU
		{11AB46F8-45AF-499E-A1B1-D3514E58AC87}.Debug|Any CPU.Build.0 = Debug|Any CPU
		{11AB46F8-45AF-499E-A1B1-D3514E58AC87}.Release|Any CPU.ActiveCfg = Release|Any CPU
		{11AB46F8-45AF-499E-A1B1-D3514E58AC87}.Release|Any CPU.Build.0 = Release|Any CPU
		{AD98F517-DC5E-47B2-9514-4F45DC2381F4}.Debug|Any CPU.ActiveCfg = Debug|Any CPU
		{AD98F517-DC5E-47B2-9514-4F45DC2381F4}.Debug|Any CPU.Build.0 = Debug|Any CPU
		{AD98F517-DC5E-47B2-9514-4F45DC2381F4}.Release|Any CPU.ActiveCfg = Release|Any CPU
		{AD98F517-DC5E-47B2-9514-4F45DC2381F4}.Release|Any CPU.Build.0 = Release|Any CPU
		{AB266DB8-3356-467E-B491-C89545D81FBD}.Debug|Any CPU.ActiveCfg = Debug|Any CPU
		{AB266DB8-3356-467E-B491-C89545D81FBD}.Debug|Any CPU.Build.0 = Debug|Any CPU
		{AB266DB8-3356-467E-B491-C89545D81FBD}.Release|Any CPU.ActiveCfg = Release|Any CPU
		{AB266DB8-3356-467E-B491-C89545D81FBD}.Release|Any CPU.Build.0 = Release|Any CPU
		{C414182B-3BD2-48E5-8841-7C390E73D14B}.Debug|Any CPU.ActiveCfg = Debug|Any CPU
		{C414182B-3BD2-48E5-8841-7C390E73D14B}.Debug|Any CPU.Build.0 = Debug|Any CPU
		{C414182B-3BD2-48E5-8841-7C390E73D14B}.Release|Any CPU.ActiveCfg = Release|Any CPU
		{C414182B-3BD2-48E5-8841-7C390E73D14B}.Release|Any CPU.Build.0 = Release|Any CPU
		{498C4609-6AD7-4638-B639-132B13B76254}.Debug|Any CPU.ActiveCfg = Debug|Any CPU
		{498C4609-6AD7-4638-B639-132B13B76254}.Debug|Any CPU.Build.0 = Debug|Any CPU
		{498C4609-6AD7-4638-B639-132B13B76254}.Release|Any CPU.ActiveCfg = Release|Any CPU
		{498C4609-6AD7-4638-B639-132B13B76254}.Release|Any CPU.Build.0 = Release|Any CPU
		{E7EBBAE1-E8AF-461B-B640-351B2294070B}.Debug|Any CPU.ActiveCfg = Debug|Any CPU
		{E7EBBAE1-E8AF-461B-B640-351B2294070B}.Debug|Any CPU.Build.0 = Debug|Any CPU
		{E7EBBAE1-E8AF-461B-B640-351B2294070B}.Release|Any CPU.ActiveCfg = Release|Any CPU
		{E7EBBAE1-E8AF-461B-B640-351B2294070B}.Release|Any CPU.Build.0 = Release|Any CPU
		{DED4E354-7877-43B3-87E6-38099656D091}.Debug|Any CPU.ActiveCfg = Debug|Any CPU
		{DED4E354-7877-43B3-87E6-38099656D091}.Debug|Any CPU.Build.0 = Debug|Any CPU
		{DED4E354-7877-43B3-87E6-38099656D091}.Release|Any CPU.ActiveCfg = Release|Any CPU
		{DED4E354-7877-43B3-87E6-38099656D091}.Release|Any CPU.Build.0 = Release|Any CPU
		{24D6985B-7DCA-4AE3-89F6-D7D35AD7B0A1}.Debug|Any CPU.ActiveCfg = Debug|Any CPU
		{24D6985B-7DCA-4AE3-89F6-D7D35AD7B0A1}.Debug|Any CPU.Build.0 = Debug|Any CPU
		{24D6985B-7DCA-4AE3-89F6-D7D35AD7B0A1}.Release|Any CPU.ActiveCfg = Release|Any CPU
		{24D6985B-7DCA-4AE3-89F6-D7D35AD7B0A1}.Release|Any CPU.Build.0 = Release|Any CPU
		{6BEB1068-80CF-4CA1-AF55-D492E87B75D9}.Debug|Any CPU.ActiveCfg = Debug|Any CPU
		{6BEB1068-80CF-4CA1-AF55-D492E87B75D9}.Debug|Any CPU.Build.0 = Debug|Any CPU
		{6BEB1068-80CF-4CA1-AF55-D492E87B75D9}.Release|Any CPU.ActiveCfg = Release|Any CPU
		{6BEB1068-80CF-4CA1-AF55-D492E87B75D9}.Release|Any CPU.Build.0 = Release|Any CPU
		{DC1585ED-597D-458F-AAB9-BA3E1520DC36}.Debug|Any CPU.ActiveCfg = Debug|Any CPU
		{DC1585ED-597D-458F-AAB9-BA3E1520DC36}.Debug|Any CPU.Build.0 = Debug|Any CPU
		{DC1585ED-597D-458F-AAB9-BA3E1520DC36}.Release|Any CPU.ActiveCfg = Release|Any CPU
		{DC1585ED-597D-458F-AAB9-BA3E1520DC36}.Release|Any CPU.Build.0 = Release|Any CPU
		{D56CD9CD-AB27-4C0F-8106-09AF396B710A}.Debug|Any CPU.ActiveCfg = Debug|Any CPU
		{D56CD9CD-AB27-4C0F-8106-09AF396B710A}.Debug|Any CPU.Build.0 = Debug|Any CPU
		{D56CD9CD-AB27-4C0F-8106-09AF396B710A}.Release|Any CPU.ActiveCfg = Release|Any CPU
		{D56CD9CD-AB27-4C0F-8106-09AF396B710A}.Release|Any CPU.Build.0 = Release|Any CPU
		{53A39BD3-9D47-4896-8392-A92EB8B767FF}.Debug|Any CPU.ActiveCfg = Debug|Any CPU
		{53A39BD3-9D47-4896-8392-A92EB8B767FF}.Debug|Any CPU.Build.0 = Debug|Any CPU
		{53A39BD3-9D47-4896-8392-A92EB8B767FF}.Release|Any CPU.ActiveCfg = Release|Any CPU
		{53A39BD3-9D47-4896-8392-A92EB8B767FF}.Release|Any CPU.Build.0 = Release|Any CPU
		{A74BD9A5-830B-4F76-9D39-603CD1F37569}.Debug|Any CPU.ActiveCfg = Debug|Any CPU
		{A74BD9A5-830B-4F76-9D39-603CD1F37569}.Debug|Any CPU.Build.0 = Debug|Any CPU
		{A74BD9A5-830B-4F76-9D39-603CD1F37569}.Release|Any CPU.ActiveCfg = Release|Any CPU
		{A74BD9A5-830B-4F76-9D39-603CD1F37569}.Release|Any CPU.Build.0 = Release|Any CPU
		{81AB8EEB-9362-49DC-9663-60066555A8FD}.Debug|Any CPU.ActiveCfg = Debug|Any CPU
		{81AB8EEB-9362-49DC-9663-60066555A8FD}.Debug|Any CPU.Build.0 = Debug|Any CPU
		{81AB8EEB-9362-49DC-9663-60066555A8FD}.Release|Any CPU.ActiveCfg = Release|Any CPU
		{81AB8EEB-9362-49DC-9663-60066555A8FD}.Release|Any CPU.Build.0 = Release|Any CPU
		{4864C3FE-6E74-4482-B572-5E530D795FC1}.Debug|Any CPU.ActiveCfg = Debug|Any CPU
		{4864C3FE-6E74-4482-B572-5E530D795FC1}.Debug|Any CPU.Build.0 = Debug|Any CPU
		{4864C3FE-6E74-4482-B572-5E530D795FC1}.Release|Any CPU.ActiveCfg = Release|Any CPU
		{4864C3FE-6E74-4482-B572-5E530D795FC1}.Release|Any CPU.Build.0 = Release|Any CPU
		{8A844B77-D90F-470B-8BAB-ECBB57240AE0}.Debug|Any CPU.ActiveCfg = Debug|Any CPU
		{8A844B77-D90F-470B-8BAB-ECBB57240AE0}.Debug|Any CPU.Build.0 = Debug|Any CPU
		{8A844B77-D90F-470B-8BAB-ECBB57240AE0}.Release|Any CPU.ActiveCfg = Release|Any CPU
		{8A844B77-D90F-470B-8BAB-ECBB57240AE0}.Release|Any CPU.Build.0 = Release|Any CPU
		{0515B87E-FC26-40ED-86B7-5128A9D34CC0}.Debug|Any CPU.ActiveCfg = Debug|Any CPU
		{0515B87E-FC26-40ED-86B7-5128A9D34CC0}.Debug|Any CPU.Build.0 = Debug|Any CPU
		{0515B87E-FC26-40ED-86B7-5128A9D34CC0}.Release|Any CPU.ActiveCfg = Release|Any CPU
		{0515B87E-FC26-40ED-86B7-5128A9D34CC0}.Release|Any CPU.Build.0 = Release|Any CPU
		{53BBAFCB-40D0-4FE1-836C-2BACBF8AE3D1}.Debug|Any CPU.ActiveCfg = Debug|Any CPU
		{53BBAFCB-40D0-4FE1-836C-2BACBF8AE3D1}.Debug|Any CPU.Build.0 = Debug|Any CPU
		{53BBAFCB-40D0-4FE1-836C-2BACBF8AE3D1}.Release|Any CPU.ActiveCfg = Release|Any CPU
		{53BBAFCB-40D0-4FE1-836C-2BACBF8AE3D1}.Release|Any CPU.Build.0 = Release|Any CPU
	EndGlobalSection
	GlobalSection(NestedProjects) = preSolution
		{7BB751AC-4851-442B-9693-F7C6E68185A4} = {065750DA-54B9-4A52-BCBF-4CE7B8D22C7C}
		{F4FE81B4-9DC4-440C-A343-CC6BE71C4B75} = {065750DA-54B9-4A52-BCBF-4CE7B8D22C7C}
		{663CED01-285E-4554-B6D7-5C3B06EA0C00} = {065750DA-54B9-4A52-BCBF-4CE7B8D22C7C}
		{9F927878-5FAF-4761-9D6B-D77795D29B8B} = {065750DA-54B9-4A52-BCBF-4CE7B8D22C7C}
		{389BFD41-7D5C-4B05-84B3-4A8781F9CC52} = {065750DA-54B9-4A52-BCBF-4CE7B8D22C7C}
		{11FFC3A1-F466-4832-A881-E0D0DD3FA018} = {065750DA-54B9-4A52-BCBF-4CE7B8D22C7C}
		{F5D5CA7B-959B-4363-B8DD-C00EDE124CF6} = {065750DA-54B9-4A52-BCBF-4CE7B8D22C7C}
		{18A8EEFA-F26C-4C60-A268-2E948D3A9E33} = {065750DA-54B9-4A52-BCBF-4CE7B8D22C7C}
		{16B13284-FBE3-430E-AF30-F7CBCB6FC660} = {065750DA-54B9-4A52-BCBF-4CE7B8D22C7C}
		{30F32DD9-2D8F-41AE-B8A2-80E415312EE8} = {065750DA-54B9-4A52-BCBF-4CE7B8D22C7C}
		{28E51328-6C9C-407F-A8CD-99EB9E766600} = {065750DA-54B9-4A52-BCBF-4CE7B8D22C7C}
		{C067BBFD-69B3-443B-AC52-1CF67EA0A3BA} = {065750DA-54B9-4A52-BCBF-4CE7B8D22C7C}
		{11AB46F8-45AF-499E-A1B1-D3514E58AC87} = {065750DA-54B9-4A52-BCBF-4CE7B8D22C7C}
		{AD98F517-DC5E-47B2-9514-4F45DC2381F4} = {065750DA-54B9-4A52-BCBF-4CE7B8D22C7C}
		{AB266DB8-3356-467E-B491-C89545D81FBD} = {065750DA-54B9-4A52-BCBF-4CE7B8D22C7C}
		{C414182B-3BD2-48E5-8841-7C390E73D14B} = {065750DA-54B9-4A52-BCBF-4CE7B8D22C7C}
		{498C4609-6AD7-4638-B639-132B13B76254} = {065750DA-54B9-4A52-BCBF-4CE7B8D22C7C}
		{E7EBBAE1-E8AF-461B-B640-351B2294070B} = {065750DA-54B9-4A52-BCBF-4CE7B8D22C7C}
		{DED4E354-7877-43B3-87E6-38099656D091} = {065750DA-54B9-4A52-BCBF-4CE7B8D22C7C}
		{24D6985B-7DCA-4AE3-89F6-D7D35AD7B0A1} = {065750DA-54B9-4A52-BCBF-4CE7B8D22C7C}
		{6BEB1068-80CF-4CA1-AF55-D492E87B75D9} = {065750DA-54B9-4A52-BCBF-4CE7B8D22C7C}
		{DC1585ED-597D-458F-AAB9-BA3E1520DC36} = {065750DA-54B9-4A52-BCBF-4CE7B8D22C7C}
		{D56CD9CD-AB27-4C0F-8106-09AF396B710A} = {065750DA-54B9-4A52-BCBF-4CE7B8D22C7C}
		{53A39BD3-9D47-4896-8392-A92EB8B767FF} = {065750DA-54B9-4A52-BCBF-4CE7B8D22C7C}
		{A74BD9A5-830B-4F76-9D39-603CD1F37569} = {065750DA-54B9-4A52-BCBF-4CE7B8D22C7C}
		{81AB8EEB-9362-49DC-9663-60066555A8FD} = {065750DA-54B9-4A52-BCBF-4CE7B8D22C7C}
		{4864C3FE-6E74-4482-B572-5E530D795FC1} = {065750DA-54B9-4A52-BCBF-4CE7B8D22C7C}
		{8A844B77-D90F-470B-8BAB-ECBB57240AE0} = {065750DA-54B9-4A52-BCBF-4CE7B8D22C7C}
		{0515B87E-FC26-40ED-86B7-5128A9D34CC0} = {065750DA-54B9-4A52-BCBF-4CE7B8D22C7C}
		{53BBAFCB-40D0-4FE1-836C-2BACBF8AE3D1} = {065750DA-54B9-4A52-BCBF-4CE7B8D22C7C}
	EndGlobalSection
EndGlobal
