<Solution>
  <Folder Name="/metadata/">
    <File Path=".config/dotnet-tools.json" />
    <File Path=".gitattributes" />
    <File Path=".github/workflows/dotnet.yml" />
    <File Path=".gitignore" />
    <File Path="Directory.Build.props" />
    <File Path="Directory.Build.targets" />
    <File Path="global.json" />
    <File Path="nuget.config" />
    <File Path="README.md" />
  </Folder>
  <Folder Name="/Tests/">
    <File Path="Tests/Directory.Build.props" />
    <File Path="Tests/Directory.Build.targets" />
    <Project Path="Tests/Library/Library.csproj" />
    <Project Path="Tests/DualSdkProject/DualSdkProject.csproj">
      <BuildDependency Project="Remora.Resonite.Sdk/Remora.Resonite.Sdk.msbuildproj" />
    </Project>
  </Folder>
  <Folder Name="/Tests/Executables/">
    <Project Path="Tests/Executables/ModernResoniteExecutable/ModernResoniteExecutable.csproj">
      <BuildDependency Project="Remora.Resonite.Sdk/Remora.Resonite.Sdk.msbuildproj" />
    </Project>
    <Project Path="Tests/Executables/ModernResoniteExecutableWithResoniteReference/ModernResoniteExecutableWithResoniteReference.csproj">
      <BuildDependency Project="Remora.Resonite.Sdk/Remora.Resonite.Sdk.msbuildproj" />
    </Project>
  </Folder>
  <Folder Name="/Tests/Libraries/">
    <Project Path="Tests/Libraries/ResoniteHeadlessLibrary/ResoniteHeadlessLibrary.csproj">
      <BuildDependency Project="Remora.Resonite.Sdk/Remora.Resonite.Sdk.msbuildproj" />
    </Project>
    <Project Path="Tests/Libraries/ResoniteHeadlessLibraryWithPackageReference/ResoniteHeadlessLibraryWithPackageReference.csproj">
      <BuildDependency Project="Remora.Resonite.Sdk/Remora.Resonite.Sdk.msbuildproj" />
    </Project>
    <Project Path="Tests/Libraries/ResoniteHeadlessLibraryWithProjectReference/ResoniteHeadlessLibraryWithProjectReference.csproj">
      <BuildDependency Project="Remora.Resonite.Sdk/Remora.Resonite.Sdk.msbuildproj" />
    </Project>
    <Project Path="Tests/Libraries/ResoniteHeadlessLibraryWithResoniteReference/ResoniteHeadlessLibraryWithResoniteReference.csproj">
      <BuildDependency Project="Remora.Resonite.Sdk/Remora.Resonite.Sdk.msbuildproj" />
    </Project>
    <Project Path="Tests/Libraries/ResoniteLibrary/ResoniteLibrary.csproj">
      <BuildDependency Project="Remora.Resonite.Sdk/Remora.Resonite.Sdk.msbuildproj" />
    </Project>
    <Project Path="Tests/Libraries/ResoniteLibraryWithPackageReference/ResoniteLibraryWithPackageReference.csproj">
      <BuildDependency Project="Remora.Resonite.Sdk/Remora.Resonite.Sdk.msbuildproj" />
    </Project>
    <Project Path="Tests/Libraries/ResoniteLibraryWithProjectReference/ResoniteLibraryWithProjectReference.csproj">
      <BuildDependency Project="Remora.Resonite.Sdk/Remora.Resonite.Sdk.msbuildproj" />
    </Project>
    <Project Path="Tests/Libraries/ResoniteLibraryWithResoniteReference/ResoniteLibraryWithResoniteReference.csproj">
      <BuildDependency Project="Remora.Resonite.Sdk/Remora.Resonite.Sdk.msbuildproj" />
    </Project>
  </Folder>
  <Folder Name="/Tests/Mods/">
    <Project Path="Tests/Mods/ResoniteHeadlessMod/ResoniteHeadlessMod.csproj">
      <BuildDependency Project="Remora.Resonite.Sdk/Remora.Resonite.Sdk.msbuildproj" />
    </Project>
    <Project Path="Tests/Mods/ResoniteHeadlessModWithPackageDependency/ResoniteHeadlessModWithPackageDependency.csproj">
      <BuildDependency Project="Remora.Resonite.Sdk/Remora.Resonite.Sdk.msbuildproj" />
    </Project>
    <Project Path="Tests/Mods/ResoniteHeadlessModWithProjectDependency/ResoniteHeadlessModWithProjectDependency.csproj">
      <BuildDependency Project="Remora.Resonite.Sdk/Remora.Resonite.Sdk.msbuildproj" />
    </Project>
    <Project Path="Tests/Mods/ResoniteHeadlessModWithResoniteReference/ResoniteHeadlessModWithResoniteReference.csproj">
      <BuildDependency Project="Remora.Resonite.Sdk/Remora.Resonite.Sdk.msbuildproj" />
    </Project>
    <Project Path="Tests/Mods/ResoniteMod/ResoniteMod.csproj">
      <BuildDependency Project="Remora.Resonite.Sdk/Remora.Resonite.Sdk.msbuildproj" />
    </Project>
    <Project Path="Tests/Mods/ResoniteModWithPackageDependency/ResoniteModWithPackageDependency.csproj">
      <BuildDependency Project="Remora.Resonite.Sdk/Remora.Resonite.Sdk.msbuildproj" />
    </Project>
    <Project Path="Tests/Mods/ResoniteModWithProjectDependency/ResoniteModWithProjectDependency.csproj">
      <BuildDependency Project="Remora.Resonite.Sdk/Remora.Resonite.Sdk.msbuildproj" />
    </Project>
    <Project Path="Tests/Mods/ResoniteModWithResoniteReference/ResoniteModWithResoniteReference.csproj">
      <BuildDependency Project="Remora.Resonite.Sdk/Remora.Resonite.Sdk.msbuildproj" />
    </Project>
  </Folder>
  <Folder Name="/Tests/Plugins/">
    <Project Path="Tests/Plugins/ResoniteHeadlessPlugin/ResoniteHeadlessPlugin.csproj">
      <BuildDependency Project="Remora.Resonite.Sdk/Remora.Resonite.Sdk.msbuildproj" />
    </Project>
    <Project Path="Tests/Plugins/ResoniteHeadlessPluginWithPackageDependency/ResoniteHeadlessPluginWithPackageDependency.csproj">
      <BuildDependency Project="Remora.Resonite.Sdk/Remora.Resonite.Sdk.msbuildproj" />
    </Project>
    <Project Path="Tests/Plugins/ResoniteHeadlessPluginWithProjectDependency/ResoniteHeadlessPluginWithProjectDependency.csproj">
      <BuildDependency Project="Remora.Resonite.Sdk/Remora.Resonite.Sdk.msbuildproj" />
    </Project>
    <Project Path="Tests/Plugins/ResoniteHeadlessPluginWithResoniteReference/ResoniteHeadlessPluginWithResoniteReference.csproj">
      <BuildDependency Project="Remora.Resonite.Sdk/Remora.Resonite.Sdk.msbuildproj" />
    </Project>
    <Project Path="Tests/Plugins/ResonitePlugin/ResonitePlugin.csproj">
      <BuildDependency Project="Remora.Resonite.Sdk/Remora.Resonite.Sdk.msbuildproj" />
    </Project>
    <Project Path="Tests/Plugins/ResonitePluginWithPackageDependency/ResonitePluginWithPackageDependency.csproj">
      <BuildDependency Project="Remora.Resonite.Sdk/Remora.Resonite.Sdk.msbuildproj" />
    </Project>
    <Project Path="Tests/Plugins/ResonitePluginWithProjectDependency/ResonitePluginWithProjectDependency.csproj">
      <BuildDependency Project="Remora.Resonite.Sdk/Remora.Resonite.Sdk.msbuildproj" />
    </Project>
    <Project Path="Tests/Plugins/ResonitePluginWithResoniteReference/ResonitePluginWithResoniteReference.csproj">
      <BuildDependency Project="Remora.Resonite.Sdk/Remora.Resonite.Sdk.msbuildproj" />
    </Project>
  </Folder>
  <Project Path="Remora.Resonite.Sdk/Remora.Resonite.Sdk.msbuildproj" Type="C#" />
</Solution>
